{
  "lockfileVersion": 1,
  "configVersion": 1,
  "workspaces": {
    "": {
      "name": "vk-audio",
      "devDependencies": {
        "@types/bun": "^1.4.2",
        "lefthook": "^2.1.12",
        "oxfmt": "^0.64.0",
        "oxlint": "^1.82.0",
        "tsc-esm-fix": "^3.1.2",
        "typedoc": "^0.28.20",
        "typedoc-plugin-missing-exports": "^4.1.4",
      },
    },
  },
  "packages": {
    "@gerrit0/mini-shiki": ["@gerrit0/mini-shiki@3.23.0", "https://registry.nirel.cc/npm/@gerrit0/mini-shiki/-/mini-shiki-3.23.0.tgz", { "dependencies": { "@shikijs/engine-oniguruma": "^3.23.0", "@shikijs/langs": "^3.23.0", "@shikijs/themes": "^3.23.0", "@shikijs/types": "^3.23.0", "@shikijs/vscode-textmate": "^10.0.2" } }, "sha512-bEMORlG0cqdjVyCEuU0cDQbORWX+kYCeo0kV1lbxF5bt4r7SID2l9bqsxJEM0zndaxpOUT7riCyIVEuqq/Ynxg=="],

    "@nodelib/fs.scandir": ["@nodelib/fs.scandir@2.1.5", "https://registry.nirel.cc/npm/@nodelib/fs.scandir/-/fs.scandir-2.1.5.tgz", { "dependencies": { "@nodelib/fs.stat": "2.0.5", "run-parallel": "^1.1.9" } }, "sha512-vq24Bq3ym5HEQm2NKCr3yXDwjc7vTsEThRDnkp2DK9p1uqLR+DHurm/NOTo0KG7HYHU7eppKZj3MyqYuMBf62g=="],

    "@nodelib/fs.stat": ["@nodelib/fs.stat@2.0.5", "https://registry.nirel.cc/npm/@nodelib/fs.stat/-/fs.stat-2.0.5.tgz", {}, "sha512-RkhPPp2zrqDAQA/2jNhnztcPAlv64XdhIp7a7454A5ovI7Bukxgt7MX7udwAu3zg1DcpPU0rz3VV1SeaqvY4+A=="],

    "@nodelib/fs.walk": ["@nodelib/fs.walk@1.2.8", "https://registry.nirel.cc/npm/@nodelib/fs.walk/-/fs.walk-1.2.8.tgz", { "dependencies": { "@nodelib/fs.scandir": "2.1.5", "fastq": "^1.6.0" } }, "sha512-oGB+UxlgWcgQkgwo8GcEGwemoTFt3FIO9ababBmaGwXIoBKZ+GTy0pP185beGg7Llih/NSHSV2XAs1lnznocSg=="],

    "@oxfmt/binding-android-arm-eabi": ["@oxfmt/binding-android-arm-eabi@0.64.0", "https://registry.nirel.cc/npm/@oxfmt/binding-android-arm-eabi/-/binding-android-arm-eabi-0.64.0.tgz", { "os": "android", "cpu": "arm" }, "sha512-o6uzh/jTOQeAY5TdkAeXdqv7MBRcPxiRA08zrcBtkKj5cSu/FMu0Hl7Q6Fi1KCKyCWZ6lJVjBzdsJvsKltUsGQ=="],

    "@oxfmt/binding-android-arm64": ["@oxfmt/binding-android-arm64@0.64.0", "https://registry.nirel.cc/npm/@oxfmt/binding-android-arm64/-/binding-android-arm64-0.64.0.tgz", { "os": "android", "cpu": "arm64" }, "sha512-jRGSUeeP7p3Gynw2YaCVtjBIA6ZxY6bEB/ES5i54OhqmRTyuVg7ZgstEtzgq6GOAJd+2QZ5pvf+bFfmW5Mp9cw=="],

    "@oxfmt/binding-darwin-arm64": ["@oxfmt/binding-darwin-arm64@0.64.0", "https://registry.nirel.cc/npm/@oxfmt/binding-darwin-arm64/-/binding-darwin-arm64-0.64.0.tgz", { "os": "darwin", "cpu": "arm64" }, "sha512-JINwtU2lW7nOFSqi+H2qplipNUqah9Gc1jgGmB82kTD4UnZrZIVxCJ9qEmFiKfjNq27gYLFhrUb0to86aCwMjw=="],

    "@oxfmt/binding-darwin-x64": ["@oxfmt/binding-darwin-x64@0.64.0", "https://registry.nirel.cc/npm/@oxfmt/binding-darwin-x64/-/binding-darwin-x64-0.64.0.tgz", { "os": "darwin", "cpu": "x64" }, "sha512-gCmuswrgrOSajV4HCRFkVCGIruPq8bjYuPYgSE2WQB3mD6XrdyZ3JMSRZCkQ8zCxOyGWriBo6QoZ5nmMHQ1BfA=="],

    "@oxfmt/binding-freebsd-x64": ["@oxfmt/binding-freebsd-x64@0.64.0", "https://registry.nirel.cc/npm/@oxfmt/binding-freebsd-x64/-/binding-freebsd-x64-0.64.0.tgz", { "os": "freebsd", "cpu": "x64" }, "sha512-Ab8g7a38pT0MMImjh7anRSTve6buWBIlcXIFBYa5xl4s6UxEgKSc2xOOhbGtLwvXnEi2PsEDGoJh3oUU7xkehQ=="],

    "@oxfmt/binding-linux-arm-gnueabihf": ["@oxfmt/binding-linux-arm-gnueabihf@0.64.0", "https://registry.nirel.cc/npm/@oxfmt/binding-linux-arm-gnueabihf/-/binding-linux-arm-gnueabihf-0.64.0.tgz", { "os": "linux", "cpu": "arm" }, "sha512-BgvS3CoQ+Xy2deoZqEN8JVKabcCZi2RxA3yant8G9OAv9KuPJ9TCjHkqigzdHUVwErZxEP5d2bzLIEyKYyBDLg=="],

    "@oxfmt/binding-linux-arm-musleabihf": ["@oxfmt/binding-linux-arm-musleabihf@0.64.0", "https://registry.nirel.cc/npm/@oxfmt/binding-linux-arm-musleabihf/-/binding-linux-arm-musleabihf-0.64.0.tgz", { "os": "linux", "cpu": "arm" }, "sha512-QXpNxwoMj0YvnceCNZadNSden3bIcnvjn/sDp/rwZhRoZoZYGpHvtPyhGsdJz9uvT9GkaMW7SsLddurU56dt8w=="],

    "@oxfmt/binding-linux-arm64-gnu": ["@oxfmt/binding-linux-arm64-gnu@0.64.0", "https://registry.nirel.cc/npm/@oxfmt/binding-linux-arm64-gnu/-/binding-linux-arm64-gnu-0.64.0.tgz", { "os": "linux", "cpu": "arm64" }, "sha512-BBgH3I1ppDsI5pZ4Pdhw0ceYxwVCfbU/bZEBCeZ6caRS9x0ZabErxubP7riGUn11PXZBhe8DYdjkDKP1FlVQ5w=="],

    "@oxfmt/binding-linux-arm64-musl": ["@oxfmt/binding-linux-arm64-musl@0.64.0", "https://registry.nirel.cc/npm/@oxfmt/binding-linux-arm64-musl/-/binding-linux-arm64-musl-0.64.0.tgz", { "os": "linux", "cpu": "arm64" }, "sha512-v19HSjC/BGXdt26qEvKZtwAHgGmQ2Agcap2kQP+KIqoRZqivVzYth3ui2dJA1i+6/fjpjga85lIOaJJjQ/bOOw=="],

    "@oxfmt/binding-linux-ppc64-gnu": ["@oxfmt/binding-linux-ppc64-gnu@0.64.0", "https://registry.nirel.cc/npm/@oxfmt/binding-linux-ppc64-gnu/-/binding-linux-ppc64-gnu-0.64.0.tgz", { "os": "linux", "cpu": "ppc64" }, "sha512-PElLnOo4xFTBZrxPhgTIj0eHqZXwEBQoNWtb7facUV170T0B0FRET0iNbb3LUeLWTybkUW+vsdyv4ihOdyXGyw=="],

    "@oxfmt/binding-linux-riscv64-gnu": ["@oxfmt/binding-linux-riscv64-gnu@0.64.0", "https://registry.nirel.cc/npm/@oxfmt/binding-linux-riscv64-gnu/-/binding-linux-riscv64-gnu-0.64.0.tgz", { "os": "linux", "cpu": "none" }, "sha512-Qzsg15n4F5CH+MorcRW4MkAEMiLzXmeG+DiDSbP/bBTqCmWOH3K9DHryNrve+JHlV0txS+B6Z9P5Xz+cmWeL+g=="],

    "@oxfmt/binding-linux-riscv64-musl": ["@oxfmt/binding-linux-riscv64-musl@0.64.0", "https://registry.nirel.cc/npm/@oxfmt/binding-linux-riscv64-musl/-/binding-linux-riscv64-musl-0.64.0.tgz", { "os": "linux", "cpu": "none" }, "sha512-/GZ358wnQ/Ez4UVnCcZIi56JkY0sOdZ+B108pqXKqZz3jLS59F4KEAB1Qv3fRlObrFEk+3L2vUQ/xoPx+3vjXw=="],

    "@oxfmt/binding-linux-s390x-gnu": ["@oxfmt/binding-linux-s390x-gnu@0.64.0", "https://registry.nirel.cc/npm/@oxfmt/binding-linux-s390x-gnu/-/binding-linux-s390x-gnu-0.64.0.tgz", { "os": "linux", "cpu": "s390x" }, "sha512-/C9We3DXegowfLXtVCYHeNiU9azwCDr5cQkEtCVlc74vyn+lLQSPApJ1CZmxAduqeq/Oi3gQ+IVptyhCaTMtkQ=="],

    "@oxfmt/binding-linux-x64-gnu": ["@oxfmt/binding-linux-x64-gnu@0.64.0", "https://registry.nirel.cc/npm/@oxfmt/binding-linux-x64-gnu/-/binding-linux-x64-gnu-0.64.0.tgz", { "os": "linux", "cpu": "x64" }, "sha512-91KM2CeRWscIEHlj1NsW2WSnzGeq1Ehq+39bfDowTdkn+fcvK/x4Y1RcyqT7glyBjZio0ldkeCG6Usj3v7ASog=="],

    "@oxfmt/binding-linux-x64-musl": ["@oxfmt/binding-linux-x64-musl@0.64.0", "https://registry.nirel.cc/npm/@oxfmt/binding-linux-x64-musl/-/binding-linux-x64-musl-0.64.0.tgz", { "os": "linux", "cpu": "x64" }, "sha512-gw7uEk9I+7zoT1EYLra1eWArIzNcz8e3jkv+Noo2+o2T7wPvsNSQbfoa4DSfZlvn1i6mJ05RiZ4/omaXPDNhQg=="],

    "@oxfmt/binding-openharmony-arm64": ["@oxfmt/binding-openharmony-arm64@0.64.0", "https://registry.nirel.cc/npm/@oxfmt/binding-openharmony-arm64/-/binding-openharmony-arm64-0.64.0.tgz", { "os": "none", "cpu": "arm64" }, "sha512-HYHFf616FHSPSO07c09mjmXBfQ73wIVM3m0txOiooa5XZkGoxFd6B14PVj0LB0DXIqJ6wAO/dDR/NX/5UUaqnw=="],

    "@oxfmt/binding-win32-arm64-msvc": ["@oxfmt/binding-win32-arm64-msvc@0.64.0", "https://registry.nirel.cc/npm/@oxfmt/binding-win32-arm64-msvc/-/binding-win32-arm64-msvc-0.64.0.tgz", { "os": "win32", "cpu": "arm64" }, "sha512-uQjFp081IZSWD6VAofX2iO2z01awAdHmfC+NrieWIPKrT2hZKQDyq/U18M7ifC0sm0Wz8aHY/p6+FDYIzs/CrQ=="],

    "@oxfmt/binding-win32-ia32-msvc": ["@oxfmt/binding-win32-ia32-msvc@0.64.0", "https://registry.nirel.cc/npm/@oxfmt/binding-win32-ia32-msvc/-/binding-win32-ia32-msvc-0.64.0.tgz", { "os": "win32", "cpu": "ia32" }, "sha512-lNM6byTAQ881jugzFu8juJTbNRgsUTlswMA6pJmwi1XDvmIqnnb49lcUAs5gz94fCJLrVN+/X3s3jOKqx23WIQ=="],

    "@oxfmt/binding-win32-x64-msvc": ["@oxfmt/binding-win32-x64-msvc@0.64.0", "https://registry.nirel.cc/npm/@oxfmt/binding-win32-x64-msvc/-/binding-win32-x64-msvc-0.64.0.tgz", { "os": "win32", "cpu": "x64" }, "sha512-BtmbtL/QjMtF1a6C3CqoDluH2IfB6fJt62E+B9RFfUPtFk4Iz9PFS6+y/SzzOvSxc7aUk2Kphwg7Dh8lMbwu6g=="],

    "@oxlint/binding-android-arm-eabi": ["@oxlint/binding-android-arm-eabi@1.82.0", "https://registry.nirel.cc/npm/@oxlint/binding-android-arm-eabi/-/binding-android-arm-eabi-1.82.0.tgz", { "os": "android", "cpu": "arm" }, "sha512-a3LB+C5Dsj5b/qtmG/mv5WrzuiXEpg1KF5nXWcEvaoN5TYAqkIvxPOwTPp3Jy/FoGpRo8zsTFhMElMXfeoOEzA=="],

    "@oxlint/binding-android-arm64": ["@oxlint/binding-android-arm64@1.82.0", "https://registry.nirel.cc/npm/@oxlint/binding-android-arm64/-/binding-android-arm64-1.82.0.tgz", { "os": "android", "cpu": "arm64" }, "sha512-OBlhRgNqFblGpGenno/aqOfJLOkQ2B8Ig3iDAalfn0H8hJGZKXPeexCRTDm6uwv6YUjSA9Xnwt1y/Bgj5ZH8uw=="],

    "@oxlint/binding-darwin-arm64": ["@oxlint/binding-darwin-arm64@1.82.0", "https://registry.nirel.cc/npm/@oxlint/binding-darwin-arm64/-/binding-darwin-arm64-1.82.0.tgz", { "os": "darwin", "cpu": "arm64" }, "sha512-dsopxqtY5ZdyT9uLHyGt1SyiLop6hi7hWI3PKpePodkRQOkLaCm+OE4fR9CAz9qdfjiFO8531tX/QDyP/psjFg=="],

    "@oxlint/binding-darwin-x64": ["@oxlint/binding-darwin-x64@1.82.0", "https://registry.nirel.cc/npm/@oxlint/binding-darwin-x64/-/binding-darwin-x64-1.82.0.tgz", { "os": "darwin", "cpu": "x64" }, "sha512-94Lu0SgTClKColU66g1VDuigV3HkcbkJBnTtZjGYfE8UPugaWDgKrm2icjC6HJVUYler2OXaHP/X0TBy8+CowQ=="],

    "@oxlint/binding-freebsd-x64": ["@oxlint/binding-freebsd-x64@1.82.0", "https://registry.nirel.cc/npm/@oxlint/binding-freebsd-x64/-/binding-freebsd-x64-1.82.0.tgz", { "os": "freebsd", "cpu": "x64" }, "sha512-hne/V06ewhh1i0w8+l7GDNROAGCGPmyFuOwiP7YTRu0JycyStJ4785dmF8xU5p0uUwt2emvIF9vc7Xjis+cJ0g=="],

    "@oxlint/binding-linux-arm-gnueabihf": ["@oxlint/binding-linux-arm-gnueabihf@1.82.0", "https://registry.nirel.cc/npm/@oxlint/binding-linux-arm-gnueabihf/-/binding-linux-arm-gnueabihf-1.82.0.tgz", { "os": "linux", "cpu": "arm" }, "sha512-aWY2xtbZf1LneW9Qsv/n2Sp8gOu74JrlQzEtj4coHX2SHFrCfhmAumaU+sI/A5nr+yoTRTSmI/pL2s6ADlNSkw=="],

    "@oxlint/binding-linux-arm-musleabihf": ["@oxlint/binding-linux-arm-musleabihf@1.82.0", "https://registry.nirel.cc/npm/@oxlint/binding-linux-arm-musleabihf/-/binding-linux-arm-musleabihf-1.82.0.tgz", { "os": "linux", "cpu": "arm" }, "sha512-Fe+TtXCXMh/5f7kWlZ2VAwsMumZWtraFlKVk1NJlL52/beGwfDE7ov+/8gVirHzWokzGu7X65hSPq0ucPDskWQ=="],

    "@oxlint/binding-linux-arm64-gnu": ["@oxlint/binding-linux-arm64-gnu@1.82.0", "https://registry.nirel.cc/npm/@oxlint/binding-linux-arm64-gnu/-/binding-linux-arm64-gnu-1.82.0.tgz", { "os": "linux", "cpu": "arm64" }, "sha512-6azCZ6OJudlvipNttXCCQcyeFfcJ/NvUZdSN1z8elo73kCHtyQC7WTiUcSjWYvJ1jaq9KDUyMAoAS/vNzhBomA=="],

    "@oxlint/binding-linux-arm64-musl": ["@oxlint/binding-linux-arm64-musl@1.82.0", "https://registry.nirel.cc/npm/@oxlint/binding-linux-arm64-musl/-/binding-linux-arm64-musl-1.82.0.tgz", { "os": "linux", "cpu": "arm64" }, "sha512-PLEaSD8IAIIlwW4dwOd9YaxuxeOpwiXL4J24rcnE4iNtyM5j9Q9/3+gti08oXpx0u2ygNjRDx9xjWWpQonuJEw=="],

    "@oxlint/binding-linux-ppc64-gnu": ["@oxlint/binding-linux-ppc64-gnu@1.82.0", "https://registry.nirel.cc/npm/@oxlint/binding-linux-ppc64-gnu/-/binding-linux-ppc64-gnu-1.82.0.tgz", { "os": "linux", "cpu": "ppc64" }, "sha512-D94em/BwknNTn4vqxjHh5wb2oL566eFhArabqKIr0cNZMHOJuiraFp1A8tXpH05bbE5tqwEfLXTI0MWEGtn3Dw=="],

    "@oxlint/binding-linux-riscv64-gnu": ["@oxlint/binding-linux-riscv64-gnu@1.82.0", "https://registry.nirel.cc/npm/@oxlint/binding-linux-riscv64-gnu/-/binding-linux-riscv64-gnu-1.82.0.tgz", { "os": "linux", "cpu": "none" }, "sha512-MOprxBaoYU2D4VgxXCl3ghydThWtx7Um1lL51kGYNeQ5Al7WzsH7/tqGdNtbLrIWnjq3bsm13+nz/gRIxjrOXw=="],

    "@oxlint/binding-linux-riscv64-musl": ["@oxlint/binding-linux-riscv64-musl@1.82.0", "https://registry.nirel.cc/npm/@oxlint/binding-linux-riscv64-musl/-/binding-linux-riscv64-musl-1.82.0.tgz", { "os": "linux", "cpu": "none" }, "sha512-5h55QsfJ/luDXZzC20k6SNOY1Az+dCP9WvntKtcUWh2JhckAdwApY2ZusaBTwLENnReXU+A2fJtSrYvZJNKNPg=="],

    "@oxlint/binding-linux-s390x-gnu": ["@oxlint/binding-linux-s390x-gnu@1.82.0", "https://registry.nirel.cc/npm/@oxlint/binding-linux-s390x-gnu/-/binding-linux-s390x-gnu-1.82.0.tgz", { "os": "linux", "cpu": "s390x" }, "sha512-IE8NJNLlHr0CaXyGJPGVn0eTkUyoj1I2UfA8x7I4PSOYKsQ/6btVC7Pywrj5onk0cMH25r6Z38SoN3AvE5Zuog=="],

    "@oxlint/binding-linux-x64-gnu": ["@oxlint/binding-linux-x64-gnu@1.82.0", "https://registry.nirel.cc/npm/@oxlint/binding-linux-x64-gnu/-/binding-linux-x64-gnu-1.82.0.tgz", { "os": "linux", "cpu": "x64" }, "sha512-XUUUxaBo9XKl+J1B9EmP1cTGQPddzeURvoGkfwh/94PGnbW+hBprDljneoI2M1jzC1bzrIV3ihc7iM9UXl8+tg=="],

    "@oxlint/binding-linux-x64-musl": ["@oxlint/binding-linux-x64-musl@1.82.0", "https://registry.nirel.cc/npm/@oxlint/binding-linux-x64-musl/-/binding-linux-x64-musl-1.82.0.tgz", { "os": "linux", "cpu": "x64" }, "sha512-SWLSFulX9TDuH6yvbPYp4+VNn6jkkIvvI+KiujDM5rWBRHEfkesCC/pCneIIUr6ovkxZ5fRtpi2v5Cz5FrMJZg=="],

    "@oxlint/binding-openharmony-arm64": ["@oxlint/binding-openharmony-arm64@1.82.0", "https://registry.nirel.cc/npm/@oxlint/binding-openharmony-arm64/-/binding-openharmony-arm64-1.82.0.tgz", { "os": "none", "cpu": "arm64" }, "sha512-BQy35f6ZUdNr9a6c7B7orxQTcLjByGT2z3WAgmRovpRwmPYAaJ+NTplmMzhdjdJ4qSchfMNZy/Ukg+qRg6zseQ=="],

    "@oxlint/binding-win32-arm64-msvc": ["@oxlint/binding-win32-arm64-msvc@1.82.0", "https://registry.nirel.cc/npm/@oxlint/binding-win32-arm64-msvc/-/binding-win32-arm64-msvc-1.82.0.tgz", { "os": "win32", "cpu": "arm64" }, "sha512-V4QhSTg5gctZue8RJjsGi7NpQPThr/p1/HfmiMC5kfe1KFEup9SQRVub4A6kijQjdHfxj7bLL1KO3QO7/5bwMQ=="],

    "@oxlint/binding-win32-ia32-msvc": ["@oxlint/binding-win32-ia32-msvc@1.82.0", "https://registry.nirel.cc/npm/@oxlint/binding-win32-ia32-msvc/-/binding-win32-ia32-msvc-1.82.0.tgz", { "os": "win32", "cpu": "ia32" }, "sha512-TUSCLaKB2yktpFAJ/r3HAUYsaV/3DT7JS4iNKyoh3a9YNwD0UG7Ezh4D8m23654vQcU6P/RQrCAjRPKe4peP/A=="],

    "@oxlint/binding-win32-x64-msvc": ["@oxlint/binding-win32-x64-msvc@1.82.0", "https://registry.nirel.cc/npm/@oxlint/binding-win32-x64-msvc/-/binding-win32-x64-msvc-1.82.0.tgz", { "os": "win32", "cpu": "x64" }, "sha512-VTVoRIWJTb+wvUX8EYoPArfFH02whuR10goFXE/LHRRX33ajRrFgqbcONXZMiF4C5rnattfkm87HqYn8jb8hmQ=="],

    "@shikijs/engine-oniguruma": ["@shikijs/engine-oniguruma@3.23.0", "https://registry.nirel.cc/npm/@shikijs/engine-oniguruma/-/engine-oniguruma-3.23.0.tgz", { "dependencies": { "@shikijs/types": "3.23.0", "@shikijs/vscode-textmate": "^10.0.2" } }, "sha512-1nWINwKXxKKLqPibT5f4pAFLej9oZzQTsby8942OTlsJzOBZ0MWKiwzMsd+jhzu8YPCHAswGnnN1YtQfirL35g=="],

    "@shikijs/langs": ["@shikijs/langs@3.23.0", "https://registry.nirel.cc/npm/@shikijs/langs/-/langs-3.23.0.tgz", { "dependencies": { "@shikijs/types": "3.23.0" } }, "sha512-2Ep4W3Re5aB1/62RSYQInK9mM3HsLeB91cHqznAJMuylqjzNVAVCMnNWRHFtcNHXsoNRayP9z1qj4Sq3nMqYXg=="],

    "@shikijs/themes": ["@shikijs/themes@3.23.0", "https://registry.nirel.cc/npm/@shikijs/themes/-/themes-3.23.0.tgz", { "dependencies": { "@shikijs/types": "3.23.0" } }, "sha512-5qySYa1ZgAT18HR/ypENL9cUSGOeI2x+4IvYJu4JgVJdizn6kG4ia5Q1jDEOi7gTbN4RbuYtmHh0W3eccOrjMA=="],

    "@shikijs/types": ["@shikijs/types@3.23.0", "https://registry.nirel.cc/npm/@shikijs/types/-/types-3.23.0.tgz", { "dependencies": { "@shikijs/vscode-textmate": "^10.0.2", "@types/hast": "^3.0.4" } }, "sha512-3JZ5HXOZfYjsYSk0yPwBrkupyYSLpAE26Qc0HLghhZNGTZg/SKxXIIgoxOpmmeQP0RRSDJTk1/vPfw9tbw+jSQ=="],

    "@shikijs/vscode-textmate": ["@shikijs/vscode-textmate@10.0.2", "https://registry.nirel.cc/npm/@shikijs/vscode-textmate/-/vscode-textmate-10.0.2.tgz", {}, "sha512-83yeghZ2xxin3Nj8z1NMd/NCuca+gsYXswywDy5bHvwlWL8tpTQmzGeUuHd9FC3E/SBEMvzJRwWEOz5gGes9Qg=="],

    "@topoconfig/extends": ["@topoconfig/extends@0.16.5", "https://registry.nirel.cc/npm/@topoconfig/extends/-/extends-0.16.5.tgz", { "bin": { "xtends": "target/esm/cli.mjs" } }, "sha512-JuBgOuFAK28D3+SsRKw6wVmACKHdxhBvVlAcf2ReRXYw5ftW8pTuTkv5T91xTiRtHcUWMC9XNQksUlQAc/yZ7A=="],

    "@types/bun": ["@types/bun@1.4.2", "https://registry.nirel.cc/npm/@types/bun/-/bun-1.4.2.tgz", { "dependencies": { "bun-types": "1.4.2" } }, "sha512-GimotNn7+ZV0uVArItBbriZsR1oNf0+WTzPkdcFrzShI7k2norL0uzEaJT8T33dWr7O/c9ZDuAFQrctKCi72oQ=="],

    "@types/hast": ["@types/hast@3.0.5", "https://registry.nirel.cc/npm/@types/hast/-/hast-3.0.5.tgz", { "dependencies": { "@types/unist": "*" } }, "sha512-rp/ezSWaD1m44dPKICGhiskI13nVr7qTloFwDa/IYkhhf5nzwP+zIQcIJh3WIFSBOy/H1PzB40jPjMDksN4F+g=="],

    "@types/node": ["@types/node@26.2.0", "https://registry.nirel.cc/npm/@types/node/-/node-26.2.0.tgz", { "dependencies": { "undici-types": "~8.3.0" } }, "sha512-5IviulTZeRNp2vAJ514cc/HUlY5nZ9fCbq9DMyC52BrhFZACo3nI0R7qBxhQmo/d27NFe96ur/b7Wwxklda+kg=="],

    "@types/unist": ["@types/unist@3.0.3", "https://registry.nirel.cc/npm/@types/unist/-/unist-3.0.3.tgz", {}, "sha512-ko/gIFJRv177XgZsZcBwnqJN5x/Gien8qNOn0D5bQU/zAzVf9Zt3BlcUiLqhV9y4ARk0GbT3tnUiPNgnTXzc/Q=="],

    "argparse": ["argparse@2.0.1", "https://registry.nirel.cc/npm/argparse/-/argparse-2.0.1.tgz", {}, "sha512-8+9WqebbFzpX9OR+Wa6O29asIogeRMzcGtAINdpMHHyAg10f05aSFVBbcEqGf/PXw1EjAZ+q2/bEBg3DvurK3Q=="],

    "balanced-match": ["balanced-match@4.0.4", "https://registry.nirel.cc/npm/balanced-match/-/balanced-match-4.0.4.tgz", {}, "sha512-BLrgEcRTwX2o6gGxGOCNyMvGSp35YofuYzw9h1IMTRmKqttAZZVU67bdb9Pr2vUHA8+j3i2tJfjO6C6+4myGTA=="],

    "brace-expansion": ["brace-expansion@5.0.9", "https://registry.nirel.cc/npm/brace-expansion/-/brace-expansion-5.0.9.tgz", { "dependencies": { "balanced-match": "^4.0.2" } }, "sha512-ScQ4IuvIEF1TMlP7Zt+vjJ//9zlPb2SDcxWxM3bk8s6t6GGdJ7KO1dCcTidOPJKePW30LE/2cT7wCyPho9/Wxg=="],

    "braces": ["braces@3.0.3", "https://registry.nirel.cc/npm/braces/-/braces-3.0.3.tgz", { "dependencies": { "fill-range": "^7.1.1" } }, "sha512-yQbXgO/OSZVD2IsiLlro+7Hf6Q18EJrKSEsdoMzKePKXct3gvD8oLcOQdIzGupr5Fj+EDe8gO/lxc1BzfMpxvA=="],

    "bun-types": ["bun-types@1.4.2", "https://registry.nirel.cc/npm/bun-types/-/bun-types-1.4.2.tgz", { "dependencies": { "@types/node": "*" } }, "sha512-bxV1FgK7yBIzjRe5zBozIM4Bem11ZJcCXSrjWRG3YWLt8yFDePu4cLjpebO8OvPeIE9trbyPF4fuj3Cia4Fj3w=="],

    "depseek": ["depseek@0.4.6", "https://registry.nirel.cc/npm/depseek/-/depseek-0.4.6.tgz", {}, "sha512-bWgCO97Q18pAlNdmYef1XMWUFCzZ3zoPzh67mIlrrPF2iVzqUT0/1ZsynfCMpWjBxcwY8JjjFHk9FNqgptFrlg=="],

    "entities": ["entities@4.5.0", "https://registry.nirel.cc/npm/entities/-/entities-4.5.0.tgz", {}, "sha512-V0hjH4dGPh9Ao5p0MoRY6BVqtwCjhz6vI5LT8AJ55H+4g9/4vbHx1I54fS0XuclLhDHArPQCiMjDxjaL8fPxhw=="],

    "fast-glob": ["fast-glob@3.3.3", "https://registry.nirel.cc/npm/fast-glob/-/fast-glob-3.3.3.tgz", { "dependencies": { "@nodelib/fs.stat": "^2.0.2", "@nodelib/fs.walk": "^1.2.3", "glob-parent": "^5.1.2", "merge2": "^1.3.0", "micromatch": "^4.0.8" } }, "sha512-7MptL8U0cqcFdzIzwOTHoilX9x5BrNqye7Z/LuC7kCMRio1EMSyqRK3BEAUD7sXRq4iT4AzTVuZdhgQ2TCvYLg=="],

    "fastq": ["fastq@1.20.3", "https://registry.nirel.cc/npm/fastq/-/fastq-1.20.3.tgz", { "dependencies": { "reusify": "^1.0.4" } }, "sha512-XKv5nnLs6nLF71NgiKJLIZFLkPyIEuOselLG7ujZnGrRfQK8HpvY+WqKhAJUAdLomwVHErVS4LfxFlPq0/FTAw=="],

    "fill-range": ["fill-range@7.1.1", "https://registry.nirel.cc/npm/fill-range/-/fill-range-7.1.1.tgz", { "dependencies": { "to-regex-range": "^5.0.1" } }, "sha512-YsGpe3WHLK8ZYi4tWDg2Jy3ebRz2rXowDxnld4bkQB00cc/1Zw9AWnC0i9ztDJitivtQvaI9KaLyKrc+hBW0yg=="],

    "fs-extra": ["fs-extra@11.4.0", "https://registry.nirel.cc/npm/fs-extra/-/fs-extra-11.4.0.tgz", { "dependencies": { "graceful-fs": "^4.2.0", "jsonfile": "^6.0.1", "universalify": "^2.0.0" } }, "sha512-EQsFzMUJkCKGr1ePqlYADkIUmHW1s3ZXr5Yqy6wbGrfUCphpl2maM/kyOIRA2HpP3AaFQTZXD4ldjek+nccddA=="],

    "glob-parent": ["glob-parent@5.1.2", "https://registry.nirel.cc/npm/glob-parent/-/glob-parent-5.1.2.tgz", { "dependencies": { "is-glob": "^4.0.1" } }, "sha512-AOIgSQCepiJYwP3ARnGx+5VnTu2HBYdzbGP45eLw1vr3zB3vZLeyed1sC9hnbcOc9/SrMyM5RPQrkGz4aS9Zow=="],

    "graceful-fs": ["graceful-fs@4.2.11", "https://registry.nirel.cc/npm/graceful-fs/-/graceful-fs-4.2.11.tgz", {}, "sha512-RbJ5/jmFcNNCcDV5o9eTnBLJ/HszWV0P73bc+Ff4nS/rJj+YaS6IGyiOL0VoBYX+l1Wrl3k63h/KrH+nhJ0XvQ=="],

    "is-extglob": ["is-extglob@2.1.1", "https://registry.nirel.cc/npm/is-extglob/-/is-extglob-2.1.1.tgz", {}, "sha512-SbKbANkN603Vi4jEZv49LeVJMn4yGwsbzZworEoyEiutsN3nJYdbO36zfhGJ6QEDpOZIFkDtnq5JRxmvl3jsoQ=="],

    "is-glob": ["is-glob@4.0.3", "https://registry.nirel.cc/npm/is-glob/-/is-glob-4.0.3.tgz", { "dependencies": { "is-extglob": "^2.1.1" } }, "sha512-xelSayHH36ZgE7ZWhli7pW34hNbNl8Ojv5KVmkJD4hBdD3th8Tfk9vYasLM+mXWOZhFkgZfxhLSnrwRr4elSSg=="],

    "is-number": ["is-number@7.0.0", "https://registry.nirel.cc/npm/is-number/-/is-number-7.0.0.tgz", {}, "sha512-41Cifkg6e8TylSpdtTpeLVMqvSBEVzTttHvERD741+pnZ8ANv0004MRL43QKPDlK9cGvNp6NZWZUBlbGXYxxng=="],

    "json5": ["json5@2.2.3", "https://registry.nirel.cc/npm/json5/-/json5-2.2.3.tgz", { "bin": { "json5": "lib/cli.js" } }, "sha512-XmOWe7eyHYH14cLdVPoyg+GOH3rYX++KpzrylJwSW98t3Nk+U8XOl8FWKOgwtzdb8lXGf6zYwDUzeHMWfxasyg=="],

    "jsonfile": ["jsonfile@6.2.1", "https://registry.nirel.cc/npm/jsonfile/-/jsonfile-6.2.1.tgz", { "dependencies": { "universalify": "^2.0.0" }, "optionalDependencies": { "graceful-fs": "^4.1.6" } }, "sha512-zwOTdL3rFQ/lRdBnntKVOX6k5cKJwEc1HdilT71BWEu7J41gXIB2MRp+vxduPSwZJPWBxEzv4yH1wYLJGUHX4Q=="],

    "lefthook": ["lefthook@2.1.12", "https://registry.nirel.cc/npm/lefthook/-/lefthook-2.1.12.tgz", { "optionalDependencies": { "lefthook-darwin-arm64": "2.1.12", "lefthook-darwin-x64": "2.1.12", "lefthook-freebsd-arm64": "2.1.12", "lefthook-freebsd-x64": "2.1.12", "lefthook-linux-arm64": "2.1.12", "lefthook-linux-x64": "2.1.12", "lefthook-openbsd-arm64": "2.1.12", "lefthook-openbsd-x64": "2.1.12", "lefthook-windows-arm64": "2.1.12", "lefthook-windows-x64": "2.1.12" }, "bin": { "lefthook": "bin/index.js" } }, "sha512-2uOexfsrrRhCiTUWdGyDySxVHHhOFJ8MQejs27dM3hugrQB48/z1ZVlaNoxpZ1SnzQ1GaDIbO5rAvicwyiknYQ=="],

    "lefthook-darwin-arm64": ["lefthook-darwin-arm64@2.1.12", "https://registry.nirel.cc/npm/lefthook-darwin-arm64/-/lefthook-darwin-arm64-2.1.12.tgz", { "os": "darwin", "cpu": "arm64" }, "sha512-GSUjqaCuxAYlPOovbjXEWE3HAIa/xOQkTTmZ937zieQldjPLTaC7+s5FHoxKywn+D9riBlofkDqG7Z4f5zzmPA=="],

    "lefthook-darwin-x64": ["lefthook-darwin-x64@2.1.12", "https://registry.nirel.cc/npm/lefthook-darwin-x64/-/lefthook-darwin-x64-2.1.12.tgz", { "os": "darwin", "cpu": "x64" }, "sha512-qAUHSSw/7Afi5wxkoLkxORxSicCeTBXyVLnRgD6YZra6udviozpK3Aok9Z6FIWeKc5FBijRMSNDxGPTREhsjcQ=="],

    "lefthook-freebsd-arm64": ["lefthook-freebsd-arm64@2.1.12", "https://registry.nirel.cc/npm/lefthook-freebsd-arm64/-/lefthook-freebsd-arm64-2.1.12.tgz", { "os": "freebsd", "cpu": "arm64" }, "sha512-FHZRfKliFNbyz54zsoGdVe9muq67cNjBTZ6jrPPUjI7xUuyCwSpzA+1OpiwJT00L9pP5ZGONBqnGZKnrpC+7Uw=="],

    "lefthook-freebsd-x64": ["lefthook-freebsd-x64@2.1.12", "https://registry.nirel.cc/npm/lefthook-freebsd-x64/-/lefthook-freebsd-x64-2.1.12.tgz", { "os": "freebsd", "cpu": "x64" }, "sha512-HYQZPGy2DDEx7dbuotusJpujY5q9igOLgx36qeeQcNQuvvdGHPj2ZGSIsGKhoJ0dw5Qa4knKJoPAHEZQWdV/og=="],

    "lefthook-linux-arm64": ["lefthook-linux-arm64@2.1.12", "https://registry.nirel.cc/npm/lefthook-linux-arm64/-/lefthook-linux-arm64-2.1.12.tgz", { "os": "linux", "cpu": "arm64" }, "sha512-ipjOri2PB/sk4noPrHQuM5fcpNBjmlKo4qMtXyLnxeOxGYHWZzf0Xi0OtrXHQ//tOprcv40ADvhUuSdcGqigLw=="],

    "lefthook-linux-x64": ["lefthook-linux-x64@2.1.12", "https://registry.nirel.cc/npm/lefthook-linux-x64/-/lefthook-linux-x64-2.1.12.tgz", { "os": "linux", "cpu": "x64" }, "sha512-DmU6xfvqVoFdW+STyc70YI4Ry8vkHGKHx+IJ1Js/Gacq5dv+fiwNzwle3bi28EkL6P8xY67B/CfQfRj4SRU4tg=="],

    "lefthook-openbsd-arm64": ["lefthook-openbsd-arm64@2.1.12", "https://registry.nirel.cc/npm/lefthook-openbsd-arm64/-/lefthook-openbsd-arm64-2.1.12.tgz", { "os": "openbsd", "cpu": "arm64" }, "sha512-vb0J7bElLvoaCWQmna3HntsvoNqMsGAhfjjC99ss1OdCteufZKM3RxCVoMBEbD50Itv2c1Ua2AFVToltVFTy1Q=="],

    "lefthook-openbsd-x64": ["lefthook-openbsd-x64@2.1.12", "https://registry.nirel.cc/npm/lefthook-openbsd-x64/-/lefthook-openbsd-x64-2.1.12.tgz", { "os": "openbsd", "cpu": "x64" }, "sha512-QOmhDWqPPK4+99scanfEmbJjUR+JYC93qhr/0bp5Dj3LaR3kVFNWc6zOQUsOTPy/LC6PG759Lej/mr/BtjUL2Q=="],

    "lefthook-windows-arm64": ["lefthook-windows-arm64@2.1.12", "https://registry.nirel.cc/npm/lefthook-windows-arm64/-/lefthook-windows-arm64-2.1.12.tgz", { "os": "win32", "cpu": "arm64" }, "sha512-eErEyr9AHkRFj6TxpCQeKGd0s6IrtL/VEIZ/ssg8dNfG+ycR4jAW/IAlrJSw6/ZQXb3WtWLaQ6QA5c+TLh7vmg=="],

    "lefthook-windows-x64": ["lefthook-windows-x64@2.1.12", "https://registry.nirel.cc/npm/lefthook-windows-x64/-/lefthook-windows-x64-2.1.12.tgz", { "os": "win32", "cpu": "x64" }, "sha512-0h+WmDVdDriTjloD/UbjPq/ZtqaaJlPAdGcVwMCEdAxfbF0FTgDbKX3igui9g2U/qG2y6QpVhtz1jeiRe7ctaw=="],

    "linkify-it": ["linkify-it@5.0.2", "https://registry.nirel.cc/npm/linkify-it/-/linkify-it-5.0.2.tgz", { "dependencies": { "uc.micro": "^2.0.0" } }, "sha512-ONTm2jCMAVZjgQa/Fy1kScXsuOoF5NPTsoFBdE1KVIZ2vAh/r9+Bqo+0jINCBYnavTPQZz38QzFTme79ENoN3Q=="],

    "lunr": ["lunr@2.3.9", "https://registry.nirel.cc/npm/lunr/-/lunr-2.3.9.tgz", {}, "sha512-zTU3DaZaF3Rt9rhN3uBMGQD3dD2/vFQqnvZCDv4dl5iOzq2IZQqTxu90r4E5J+nP70J3ilqVCrbho2eWaeW8Ow=="],

    "markdown-it": ["markdown-it@14.3.2", "https://registry.nirel.cc/npm/markdown-it/-/markdown-it-14.3.2.tgz", { "dependencies": { "argparse": "^2.0.1", "entities": "^4.5.0", "linkify-it": "^5.0.2", "mdurl": "^2.0.0", "punycode.js": "^2.3.1", "uc.micro": "^2.1.0" }, "bin": { "markdown-it": "bin/markdown-it.mjs" } }, "sha512-sHHjZ5fJKlgrG4qns2YwVcdNep35h5fERrfkD2YNsb9UFk0UIHarbiTaHKVMlPuWAoiilyK8Fv/jAm11slsY7Q=="],

    "mdurl": ["mdurl@2.1.0", "https://registry.nirel.cc/npm/mdurl/-/mdurl-2.1.0.tgz", {}, "sha512-1+HBaOx0zi/dQWht8rNv9MYf9qqpqL/kxI0hXImU6Y547zM6Sni8BQibt7ifgMcYtQg41ao3Ivd6cnSM86inpg=="],

    "merge2": ["merge2@1.4.1", "https://registry.nirel.cc/npm/merge2/-/merge2-1.4.1.tgz", {}, "sha512-8q7VEgMJW4J8tcfVPy8g09NcQwZdbwFEqhe/WZkoIzjn/3TGDwtOCYtXGxA3O8tPzpczCCDgv+P2P5y00ZJOOg=="],

    "micromatch": ["micromatch@4.0.8", "https://registry.nirel.cc/npm/micromatch/-/micromatch-4.0.8.tgz", { "dependencies": { "braces": "^3.0.3", "picomatch": "^2.3.1" } }, "sha512-PXwfBhYu0hBCPw8Dn0E+WDYb7af3dSLVWKi3HGv84IdF4TyFoC0ysxFd0Goxw7nSv4T/PzEJQxsYsEiFCKo2BA=="],

    "minimatch": ["minimatch@10.2.6", "https://registry.nirel.cc/npm/minimatch/-/minimatch-10.2.6.tgz", { "dependencies": { "brace-expansion": "^5.0.8" } }, "sha512-vpLQEs+VLCr1nU0BXS07maYoFwlDAH0gngQuuttxIwutDFEMHq2blX+8vpgxDdK3J1PwjCJiep77OitTZ4Ll1A=="],

    "oxfmt": ["oxfmt@0.64.0", "https://registry.nirel.cc/npm/oxfmt/-/oxfmt-0.64.0.tgz", { "dependencies": { "tinypool": "2.1.0" }, "optionalDependencies": { "@oxfmt/binding-android-arm-eabi": "0.64.0", "@oxfmt/binding-android-arm64": "0.64.0", "@oxfmt/binding-darwin-arm64": "0.64.0", "@oxfmt/binding-darwin-x64": "0.64.0", "@oxfmt/binding-freebsd-x64": "0.64.0", "@oxfmt/binding-linux-arm-gnueabihf": "0.64.0", "@oxfmt/binding-linux-arm-musleabihf": "0.64.0", "@oxfmt/binding-linux-arm64-gnu": "0.64.0", "@oxfmt/binding-linux-arm64-musl": "0.64.0", "@oxfmt/binding-linux-ppc64-gnu": "0.64.0", "@oxfmt/binding-linux-riscv64-gnu": "0.64.0", "@oxfmt/binding-linux-riscv64-musl": "0.64.0", "@oxfmt/binding-linux-s390x-gnu": "0.64.0", "@oxfmt/binding-linux-x64-gnu": "0.64.0", "@oxfmt/binding-linux-x64-musl": "0.64.0", "@oxfmt/binding-openharmony-arm64": "0.64.0", "@oxfmt/binding-win32-arm64-msvc": "0.64.0", "@oxfmt/binding-win32-ia32-msvc": "0.64.0", "@oxfmt/binding-win32-x64-msvc": "0.64.0" }, "peerDependencies": { "svelte": "^5.0.0", "vite-plus": "*" }, "optionalPeers": ["svelte", "vite-plus"], "bin": { "oxfmt": "bin/oxfmt" } }, "sha512-XZ4GFBN/PLbXKq+0zrgpQfPKYuJlUuj+nzZJY7UpIbFMNyefNLCdN9EwViycNqnYcv0wrn0jXcQLlqJp8RCKBg=="],

    "oxlint": ["oxlint@1.82.0", "https://registry.nirel.cc/npm/oxlint/-/oxlint-1.82.0.tgz", { "optionalDependencies": { "@oxlint/binding-android-arm-eabi": "1.82.0", "@oxlint/binding-android-arm64": "1.82.0", "@oxlint/binding-darwin-arm64": "1.82.0", "@oxlint/binding-darwin-x64": "1.82.0", "@oxlint/binding-freebsd-x64": "1.82.0", "@oxlint/binding-linux-arm-gnueabihf": "1.82.0", "@oxlint/binding-linux-arm-musleabihf": "1.82.0", "@oxlint/binding-linux-arm64-gnu": "1.82.0", "@oxlint/binding-linux-arm64-musl": "1.82.0", "@oxlint/binding-linux-ppc64-gnu": "1.82.0", "@oxlint/binding-linux-riscv64-gnu": "1.82.0", "@oxlint/binding-linux-riscv64-musl": "1.82.0", "@oxlint/binding-linux-s390x-gnu": "1.82.0", "@oxlint/binding-linux-x64-gnu": "1.82.0", "@oxlint/binding-linux-x64-musl": "1.82.0", "@oxlint/binding-openharmony-arm64": "1.82.0", "@oxlint/binding-win32-arm64-msvc": "1.82.0", "@oxlint/binding-win32-ia32-msvc": "1.82.0", "@oxlint/binding-win32-x64-msvc": "1.82.0" }, "peerDependencies": { "oxlint-tsgolint": ">=7.0.2001", "vite-plus": "*" }, "optionalPeers": ["oxlint-tsgolint", "vite-plus"], "bin": { "oxlint": "bin/oxlint" } }, "sha512-+iFM1BGw1ntYJt3QngbJmjbrGxPaKMUADOXOijpWGnYcBPq8YZnQftSS1C+pVcDYy9YxqDVJKQqQkTazTQMboQ=="],

    "picomatch": ["picomatch@2.3.2", "https://registry.nirel.cc/npm/picomatch/-/picomatch-2.3.2.tgz", {}, "sha512-V7+vQEJ06Z+c5tSye8S+nHUfI51xoXIXjHQ99cQtKUkQqqO1kO/KCJUfZXuB47h/YBlDhah2H3hdUGXn8ie0oA=="],

    "punycode.js": ["punycode.js@2.3.1", "https://registry.nirel.cc/npm/punycode.js/-/punycode.js-2.3.1.tgz", {}, "sha512-uxFIHU0YlHYhDQtV4R9J6a52SLx28BCjT+4ieh7IGbgwVJWO+km431c4yRlREUAsAmt/uMjQUyQHNEPf0M39CA=="],

    "queue-microtask": ["queue-microtask@1.2.3", "https://registry.nirel.cc/npm/queue-microtask/-/queue-microtask-1.2.3.tgz", {}, "sha512-NuaNSa6flKT5JaSYQzJok04JzTL1CA6aGhv5rfLW3PgqA+M2ChpZQnAC8h8i4ZFkBS8X5RqkDBHA7r4hej3K9A=="],

    "reusify": ["reusify@1.1.0", "https://registry.nirel.cc/npm/reusify/-/reusify-1.1.0.tgz", {}, "sha512-g6QUff04oZpHs0eG5p83rFLhHeV00ug/Yf9nZM6fLeUrPguBTkTQOdpAWWspMh55TZfVQDPaN3NQJfbVRAxdIw=="],

    "run-parallel": ["run-parallel@1.2.0", "https://registry.nirel.cc/npm/run-parallel/-/run-parallel-1.2.0.tgz", { "dependencies": { "queue-microtask": "^1.2.2" } }, "sha512-5l4VyZR86LZ/lDxZTR6jqL8AFE2S0IFLMP26AbjsLVADxHdhB/c0GUsH+y39UfCi3dzz8OlQuPmnaJOMoDHQBA=="],

    "tinypool": ["tinypool@2.1.0", "https://registry.nirel.cc/npm/tinypool/-/tinypool-2.1.0.tgz", {}, "sha512-Pugqs6M0m7Lv1I7FtxN4aoyToKg1C4tu+/381vH35y8oENM/Ai7f7C4StcoK4/+BSw9ebcS8jRiVrORFKCALLw=="],

    "to-regex-range": ["to-regex-range@5.0.1", "https://registry.nirel.cc/npm/to-regex-range/-/to-regex-range-5.0.1.tgz", { "dependencies": { "is-number": "^7.0.0" } }, "sha512-65P7iz6X5yEr1cwcgvQxbbIw7Uk3gOy5dIdtZ4rDveLqhrdJP+Li/Hx6tyK0NEb+2GCyneCMJiGqrADCSNk8sQ=="],

    "tsc-esm-fix": ["tsc-esm-fix@3.1.2", "https://registry.nirel.cc/npm/tsc-esm-fix/-/tsc-esm-fix-3.1.2.tgz", { "dependencies": { "@topoconfig/extends": "^0.16.2", "depseek": "^0.4.1", "fast-glob": "^3.3.2", "fs-extra": "^11.2.0", "json5": "^2.2.3", "type-flag": "^3.0.0" }, "bin": { "tsc-esm-fix": "target/esm/cli.mjs" } }, "sha512-1/OpZssMcEp2ae6DyZV+yvDviofuCdDf7dEWEaBvm/ac8vtS04lFyl0LVs8LQE56vjKHytgzVjPIL9udM4QuNg=="],

    "type-flag": ["type-flag@3.0.0", "https://registry.nirel.cc/npm/type-flag/-/type-flag-3.0.0.tgz", {}, "sha512-3YaYwMseXCAhBB14RXW5cRQfJQlEknS6i4C8fCfeUdS3ihG9EdccdR9kt3vP73ZdeTGmPb4bZtkDn5XMIn1DLA=="],

    "typedoc": ["typedoc@0.28.20", "https://registry.nirel.cc/npm/typedoc/-/typedoc-0.28.20.tgz", { "dependencies": { "@gerrit0/mini-shiki": "^3.23.0", "lunr": "^2.3.9", "markdown-it": "^14.3.0", "minimatch": "^10.2.5", "yaml": "^2.9.0" }, "peerDependencies": { "typescript": "5.0.x || 5.1.x || 5.2.x || 5.3.x || 5.4.x || 5.5.x || 5.6.x || 5.7.x || 5.8.x || 5.9.x || 6.0.x" }, "bin": { "typedoc": "bin/typedoc" } }, "sha512-uSKqkh8Cr48vllnEy+jdaAgOeR6Y+QCBW7usgUsKj7gJEfR7stw9U/fE49LBnj2tPRKPY0c0EBJSWe9Appmplg=="],

    "typedoc-plugin-missing-exports": ["typedoc-plugin-missing-exports@4.1.4", "https://registry.nirel.cc/npm/typedoc-plugin-missing-exports/-/typedoc-plugin-missing-exports-4.1.4.tgz", { "peerDependencies": { "typedoc": "^0.28.1" } }, "sha512-tIay6z6MRb/4+mfWgKNPR6qEM5rz9S8rTiz0JWmSb/66A6AlZIl9q+1lAFygj4n8GHH1fsqKYQNt9JbNcuE0Uw=="],

    "typescript": ["typescript@6.0.3", "https://registry.nirel.cc/npm/typescript/-/typescript-6.0.3.tgz", { "bin": { "tsc": "bin/tsc", "tsserver": "bin/tsserver" } }, "sha512-y2TvuxSZPDyQakkFRPZHKFm+KKVqIisdg9/CZwm9ftvKXLP8NRWj38/ODjNbr43SsoXqNuAisEf1GdCxqWcdBw=="],

    "uc.micro": ["uc.micro@2.1.0", "https://registry.nirel.cc/npm/uc.micro/-/uc.micro-2.1.0.tgz", {}, "sha512-ARDJmphmdvUk6Glw7y9DQ2bFkKBHwQHLi2lsaH6PPmz/Ka9sFOBsBluozhDltWmnv9u/cF6Rt87znRTPV+yp/A=="],

    "undici-types": ["undici-types@8.3.0", "https://registry.nirel.cc/npm/undici-types/-/undici-types-8.3.0.tgz", {}, "sha512-j375ScV60dom+YkPFIfTLcOiPxkN/buHz5GobjLhixFuANaNs3C9l4GmrWqejgXWJ7BbJcFYpTEUkS1Ge8bpZQ=="],

    "universalify": ["universalify@2.0.1", "https://registry.nirel.cc/npm/universalify/-/universalify-2.0.1.tgz", {}, "sha512-gptHNQghINnc/vTGIk0SOFGFNXw7JVrlRUtConJRlvaw6DuX0wO5Jeko9sWrMBhh+PsYAZ7oXAiOnf/UKogyiw=="],

    "yaml": ["yaml@2.9.1", "https://registry.nirel.cc/npm/yaml/-/yaml-2.9.1.tgz", { "bin": { "yaml": "bin.mjs" } }, "sha512-3NxN8+78OdzbT7C/WjGsyfPAtJaN3FNDsWxv7Y7mcDsT/oOmgW8BpyQQFFBnvZE3j9Y2Sdz1ULFLezL7Eb2yFw=="],
  }
}
